
Microsoft Visual Studio Solution File, Format Version 12.00
# Visual Studio Version 17
VisualStudioVersion = 17.9.34723.18
MinimumVisualStudioVersion = 10.0.40219.1
Project("{FAE04EC0-301F-11D3-BF4B-00C04F79EFBC}") = "keriauth.BrowserExtension.ExtensionFrontend", "keriauth.BrowserExtension.ExtensionFrontend/keriauth.BrowserExtension.ExtensionFrontend.csproj", "{CA53721B-EF54-4952-8E0A-2A4350C16B99}"
EndProject
Global
	GlobalSection(SolutionConfigurationPlatforms) = preSolution
		Debug|Any CPU = Debug|Any CPU
		Release|Any CPU = Release|Any CPU
	EndGlobalSection
	GlobalSection(ProjectConfigurationPlatforms) = postSolution
		{CA53721B-EF54-4952-8E0A-2A4350C16B99}.Debug|Any CPU.ActiveCfg = Debug|Any CPU
		{CA53721B-EF54-4952-8E0A-2A4350C16B99}.Debug|Any CPU.Build.0 = Debug|Any CPU
		{CA53721B-EF54-4952-8E0A-2A4350C16B99}.Release|Any CPU.ActiveCfg = Release|Any CPU
		{CA53721B-EF54-4952-8E0A-2A4350C16B99}.Release|Any CPU.Build.0 = Release|Any CPU
	EndGlobalSection
	GlobalSection(SolutionProperties) = preSolution
		HideSolutionNode = FALSE
	EndGlobalSection
	GlobalSection(ExtensibilityGlobals) = postSolution
		SolutionGuid = {CF978D17-D0F5-41D0-91BE-F2E367CDEF1E}
	EndGlobalSection
EndGlobal
