
Microsoft Visual Studio Solution File, Format Version 12.00
# Visual Studio Version 17
VisualStudioVersion = 17.9.34723.18
MinimumVisualStudioVersion = 10.0.40219.1
Project("{9A19103F-16F7-4668-BE54-9A1E7A4F7556}") = "KeriAuth.BrowserExtension", "KeriAuth.BrowserExtension\KeriAuth.BrowserExtension.csproj", "{118B1C27-1F19-4566-849E-D2EA618A6988}"
EndProject
Project("{2150E333-8FDC-42A3-9474-1A3956D46DE8}") = "Solution Items", "Solution Items", "{F5102340-BAA8-47F9-BB52-2F7F5FDF57D1}"
	ProjectSection(SolutionItems) = preProject
		.editorconfig = .editorconfig
		KERIAuthArchitecture.jpg = KERIAuthArchitecture.jpg
		README.md = README.md
	EndProjectSection
EndProject
Global
	GlobalSection(SolutionConfigurationPlatforms) = preSolution
		Debug|Any CPU = Debug|Any CPU
		Release|Any CPU = Release|Any CPU
	EndGlobalSection
	GlobalSection(ProjectConfigurationPlatforms) = postSolution
		{118B1C27-1F19-4566-849E-D2EA618A6988}.Debug|Any CPU.ActiveCfg = Debug|Any CPU
		{118B1C27-1F19-4566-849E-D2EA618A6988}.Debug|Any CPU.Build.0 = Debug|Any CPU
		{118B1C27-1F19-4566-849E-D2EA618A6988}.Release|Any CPU.ActiveCfg = Release|Any CPU
		{118B1C27-1F19-4566-849E-D2EA618A6988}.Release|Any CPU.Build.0 = Release|Any CPU
	EndGlobalSection
	GlobalSection(SolutionProperties) = preSolution
		HideSolutionNode = FALSE
	EndGlobalSection
	GlobalSection(ExtensibilityGlobals) = postSolution
		SolutionGuid = {CF978D17-D0F5-41D0-91BE-F2E367CDEF1E}
	EndGlobalSection
EndGlobal
